
Microsoft Visual Studio Solution File, Format Version 12.00
# Visual Studio 2012
Project("{E24C65DC-7377-472B-9ABA-BC803B73C61A}") = "RoomScheduler", "http://localhost:20153", "{9C8586E2-8E04-454D-826B-29DA0E3F42AA}"
	ProjectSection(WebsiteProperties) = preProject
		UseIISExpress = "true"
		TargetFrameworkMoniker = ".NETFramework,Version%3Dv4.5"
		Debug.AspNetCompiler.VirtualPath = "/localhost_20153"
		Debug.AspNetCompiler.PhysicalPath = "..\RoomScheduler\"
		Debug.AspNetCompiler.TargetPath = "PrecompiledWeb\localhost_20153\"
		Debug.AspNetCompiler.Updateable = "true"
		Debug.AspNetCompiler.ForceOverwrite = "true"
		Debug.AspNetCompiler.FixedNames = "false"
		Debug.AspNetCompiler.Debug = "True"
		Release.AspNetCompiler.VirtualPath = "/localhost_20153"
		Release.AspNetCompiler.PhysicalPath = "..\RoomScheduler\"
		Release.AspNetCompiler.TargetPath = "PrecompiledWeb\localhost_20153\"
		Release.AspNetCompiler.Updateable = "true"
		Release.AspNetCompiler.ForceOverwrite = "true"
		Release.AspNetCompiler.FixedNames = "false"
		Release.AspNetCompiler.Debug = "False"
		SlnRelativePath = "..\RoomScheduler\"
		DefaultWebSiteLanguage = "Visual C#"
	EndProjectSection
EndProject
Global
	GlobalSection(SolutionConfigurationPlatforms) = preSolution
		Debug|Any CPU = Debug|Any CPU
	EndGlobalSection
	GlobalSection(ProjectConfigurationPlatforms) = postSolution
		{9C8586E2-8E04-454D-826B-29DA0E3F42AA}.Debug|Any CPU.ActiveCfg = Debug|Any CPU
		{9C8586E2-8E04-454D-826B-29DA0E3F42AA}.Debug|Any CPU.Build.0 = Debug|Any CPU
	EndGlobalSection
	GlobalSection(SolutionProperties) = preSolution
		HideSolutionNode = FALSE
	EndGlobalSection
EndGlobal
